
Microsoft Visual Studio Solution File, Format Version 12.00
# Visual Studio 15
VisualStudioVersion = 15.0.28307.106
MinimumVisualStudioVersion = 10.0.40219.1
Project("{9A19103F-16F7-4668-BE54-9A1E7A4F7556}") = "CMS.Dominio", "CMS.Dominio\CMS.Dominio.csproj", "{616642C8-47E4-45E0-BCFB-A1B525D4A2C7}"
EndProject
Project("{9A19103F-16F7-4668-BE54-9A1E7A4F7556}") = "CMS.Infra", "CMS.Infra\CMS.Infra.csproj", "{46794A98-A3FD-4830-9AFF-A1FC6B9EFB88}"
EndProject
Project("{9A19103F-16F7-4668-BE54-9A1E7A4F7556}") = "CMS.Website", "CMS.Website\CMS.Website.csproj", "{021C0D29-2B09-43BB-9C09-2447535D7CC4}"
EndProject
Project("{9A19103F-16F7-4668-BE54-9A1E7A4F7556}") = "Admin", "Admin\Admin.csproj", "{AFCD358E-615C-40C1-BDD8-032B050A08B4}"
EndProject
Global
	GlobalSection(SolutionConfigurationPlatforms) = preSolution
		Debug|Any CPU = Debug|Any CPU
		Release|Any CPU = Release|Any CPU
	EndGlobalSection
	GlobalSection(ProjectConfigurationPlatforms) = postSolution
		{616642C8-47E4-45E0-BCFB-A1B525D4A2C7}.Debug|Any CPU.ActiveCfg = Debug|Any CPU
		{616642C8-47E4-45E0-BCFB-A1B525D4A2C7}.Debug|Any CPU.Build.0 = Debug|Any CPU
		{616642C8-47E4-45E0-BCFB-A1B525D4A2C7}.Release|Any CPU.ActiveCfg = Release|Any CPU
		{616642C8-47E4-45E0-BCFB-A1B525D4A2C7}.Release|Any CPU.Build.0 = Release|Any CPU
		{46794A98-A3FD-4830-9AFF-A1FC6B9EFB88}.Debug|Any CPU.ActiveCfg = Debug|Any CPU
		{46794A98-A3FD-4830-9AFF-A1FC6B9EFB88}.Debug|Any CPU.Build.0 = Debug|Any CPU
		{46794A98-A3FD-4830-9AFF-A1FC6B9EFB88}.Release|Any CPU.ActiveCfg = Release|Any CPU
		{46794A98-A3FD-4830-9AFF-A1FC6B9EFB88}.Release|Any CPU.Build.0 = Release|Any CPU
		{021C0D29-2B09-43BB-9C09-2447535D7CC4}.Debug|Any CPU.ActiveCfg = Debug|Any CPU
		{021C0D29-2B09-43BB-9C09-2447535D7CC4}.Debug|Any CPU.Build.0 = Debug|Any CPU
		{021C0D29-2B09-43BB-9C09-2447535D7CC4}.Release|Any CPU.ActiveCfg = Release|Any CPU
		{021C0D29-2B09-43BB-9C09-2447535D7CC4}.Release|Any CPU.Build.0 = Release|Any CPU
		{AFCD358E-615C-40C1-BDD8-032B050A08B4}.Debug|Any CPU.ActiveCfg = Debug|Any CPU
		{AFCD358E-615C-40C1-BDD8-032B050A08B4}.Debug|Any CPU.Build.0 = Debug|Any CPU
		{AFCD358E-615C-40C1-BDD8-032B050A08B4}.Release|Any CPU.ActiveCfg = Release|Any CPU
		{AFCD358E-615C-40C1-BDD8-032B050A08B4}.Release|Any CPU.Build.0 = Release|Any CPU
	EndGlobalSection
	GlobalSection(SolutionProperties) = preSolution
		HideSolutionNode = FALSE
	EndGlobalSection
	GlobalSection(ExtensibilityGlobals) = postSolution
		SolutionGuid = {07D6B4E0-790A-4110-B875-676FC99159BE}
	EndGlobalSection
EndGlobal
